{
  "name": "recras-wordpress-plugin",
  "version": "3.5.0",
  "lockfileVersion": 1,
  "requires": true,
  "dependencies": {
    "commander": {
      "version": "6.0.0",
      "resolved": "https://registry.npmjs.org/commander/-/commander-6.0.0.tgz",
      "integrity": "sha512-s7EA+hDtTYNhuXkTlhqew4txMZVdszBmKWSPEMxGr8ru8JXR7bLUFIAtPhcSuFdJQ0ILMxnJi8GkQL0yvDy/YA==",
      "dev": true
    },
    "encoding": {
      "version": "0.1.13",
      "resolved": "https://registry.npmjs.org/encoding/-/encoding-0.1.13.tgz",
      "integrity": "sha512-ETBauow1T35Y/WZMkio9jiM0Z5xjHHmJ4XmjZOq1l/dXz3lr2sRn87nJy20RupqSh1F2m3HHPSp8ShIPQJrJ3A==",
      "dev": true,
      "requires": {
        "iconv-lite": "^0.6.2"
      }
    },
    "gettext-parser": {
      "version": "2.0.0",
      "resolved": "https://registry.npmjs.org/gettext-parser/-/gettext-parser-2.0.0.tgz",
      "integrity": "sha512-FDs/7XjNw58ToQwJFO7avZZbPecSYgw8PBYhd0An+4JtZSrSzKhEvTsVV2uqdO7VziWTOGSgLGD5YRPdsCjF7Q==",
      "dev": true,
      "requires": {
        "encoding": "^0.1.12",
        "safe-buffer": "^5.1.2"
      }
    },
    "gettext-to-messageformat": {
      "version": "0.3.1",
      "resolved": "https://registry.npmjs.org/gettext-to-messageformat/-/gettext-to-messageformat-0.3.1.tgz",
      "integrity": "sha512-UyqIL3Ul4NryU95Wome/qtlcuVIqgEWVIFw0zi7Lv14ACLXfaVDCbrjZ7o+3BZ7u+4NS1mP/2O1eXZoHCoas8g==",
      "dev": true,
      "requires": {
        "gettext-parser": "^1.4.0"
      },
      "dependencies": {
        "gettext-parser": {
          "version": "1.4.0",
          "resolved": "https://registry.npmjs.org/gettext-parser/-/gettext-parser-1.4.0.tgz",
          "integrity": "sha512-sedZYLHlHeBop/gZ1jdg59hlUEcpcZJofLq2JFwJT1zTqAU3l2wFv6IsuwFHGqbiT9DWzMUW4/em2+hspnmMMA==",
          "dev": true,
          "requires": {
            "encoding": "^0.1.12",
            "safe-buffer": "^5.1.1"
          }
        }
      }
    },
    "iconv-lite": {
      "version": "0.6.2",
      "resolved": "https://registry.npmjs.org/iconv-lite/-/iconv-lite-0.6.2.tgz",
      "integrity": "sha512-2y91h5OpQlolefMPmUlivelittSWy0rP+oYVpn6A7GwVHNE8AWzoYOBNmlwks3LobaJxgHCYZAnyNo2GgpNRNQ==",
      "dev": true,
      "requires": {
        "safer-buffer": ">= 2.1.2 < 3.0.0"
      }
    },
    "po2json": {
      "version": "1.0.0-beta-3",
      "resolved": "https://registry.npmjs.org/po2json/-/po2json-1.0.0-beta-3.tgz",
      "integrity": "sha512-taS8y6ZEGzPAs0rygW9CuUPY8C3Zgx6cBy31QXxG2JlWS3fLxj/kuD3cbIfXBg30PuYN7J5oyBa/TIRjyqFFtg==",
      "dev": true,
      "requires": {
        "commander": "^6.0.0",
        "gettext-parser": "2.0.0",
        "gettext-to-messageformat": "0.3.1"
      }
    },
    "safe-buffer": {
      "version": "5.2.1",
      "resolved": "https://registry.npmjs.org/safe-buffer/-/safe-buffer-5.2.1.tgz",
      "integrity": "sha512-rp3So07KcdmmKbGvgaNxQSJr7bGVSVk5S9Eq1F+ppbRo70+YeaDxkw5Dd8NPN+GD6bjnYm2VuPuCXmpuYvmCXQ==",
      "dev": true
    },
    "safer-buffer": {
      "version": "2.1.2",
      "resolved": "https://registry.npmjs.org/safer-buffer/-/safer-buffer-2.1.2.tgz",
      "integrity": "sha512-YZo3K82SD7Riyi0E1EQPojLz7kpepnSQI9IyPbHHg1XXXevb5dJI7tpyN2ADxGcQbHG7vcyRHk0cbwqcQriUtg==",
      "dev": true
    }
  }
}
